{
  "requires": true,
  "lockfileVersion": 1,
  "dependencies": {
    "stylelint-config-htmlacademy": {
      "version": "0.1.10",
      "resolved": "https://registry.npmjs.org/stylelint-config-htmlacademy/-/stylelint-config-htmlacademy-0.1.10.tgz",
      "integrity": "sha512-0oLyLuykcG/OA8btVjk8sFNRierH48hVSDYq9QX/xnDDn7Tb7juDnT1qT3RuJizSNZ7q6OEDOMXiqW7ZKVvPOg==",
      "dev": true,
      "requires": {
        "stylelint-config-recommended": "^5.0.0"
      }
    },
    "stylelint-config-recommended": {
      "version": "5.0.0",
      "resolved": "https://registry.npmjs.org/stylelint-config-recommended/-/stylelint-config-recommended-5.0.0.tgz",
      "integrity": "sha512-c8aubuARSu5A3vEHLBeOSJt1udOdS+1iue7BmJDTSXoCBmfEQmmWX+59vYIj3NQdJBY6a/QRv1ozVFpaB9jaqA==",
      "dev": true
    }
  }
}
